
Microsoft Visual Studio Solution File, Format Version 12.00
# Visual Studio 15
VisualStudioVersion = 15.0.27703.2035
MinimumVisualStudioVersion = 10.0.40219.1
Project("{FAE04EC0-301F-11D3-BF4B-00C04F79EFBC}") = "TercerAplicacion.Android", "TercerAplicacion\TercerAplicacion.Android\TercerAplicacion.Android.csproj", "{4F110791-D97B-4350-BAD2-8985FA351449}"
EndProject
Project("{FAE04EC0-301F-11D3-BF4B-00C04F79EFBC}") = "TercerAplicacion.iOS", "TercerAplicacion\TercerAplicacion.iOS\TercerAplicacion.iOS.csproj", "{C3EF12AA-ABD7-414B-B7ED-55BDF645C1A8}"
EndProject
Project("{FAE04EC0-301F-11D3-BF4B-00C04F79EFBC}") = "TercerAplicacion", "TercerAplicacion\TercerAplicacion\TercerAplicacion.csproj", "{471B9588-3DBE-4F3D-8633-21F309574E9E}"
EndProject
Global
	GlobalSection(SolutionConfigurationPlatforms) = preSolution
		Debug|Any CPU = Debug|Any CPU
		Debug|iPhone = Debug|iPhone
		Debug|iPhoneSimulator = Debug|iPhoneSimulator
		Release|Any CPU = Release|Any CPU
		Release|iPhone = Release|iPhone
		Release|iPhoneSimulator = Release|iPhoneSimulator
	EndGlobalSection
	GlobalSection(ProjectConfigurationPlatforms) = postSolution
		{4F110791-D97B-4350-BAD2-8985FA351449}.Debug|Any CPU.ActiveCfg = Debug|Any CPU
		{4F110791-D97B-4350-BAD2-8985FA351449}.Debug|Any CPU.Build.0 = Debug|Any CPU
		{4F110791-D97B-4350-BAD2-8985FA351449}.Debug|Any CPU.Deploy.0 = Debug|Any CPU
		{4F110791-D97B-4350-BAD2-8985FA351449}.Debug|iPhone.ActiveCfg = Debug|Any CPU
		{4F110791-D97B-4350-BAD2-8985FA351449}.Debug|iPhone.Build.0 = Debug|Any CPU
		{4F110791-D97B-4350-BAD2-8985FA351449}.Debug|iPhone.Deploy.0 = Debug|Any CPU
		{4F110791-D97B-4350-BAD2-8985FA351449}.Debug|iPhoneSimulator.ActiveCfg = Debug|Any CPU
		{4F110791-D97B-4350-BAD2-8985FA351449}.Debug|iPhoneSimulator.Build.0 = Debug|Any CPU
		{4F110791-D97B-4350-BAD2-8985FA351449}.Debug|iPhoneSimulator.Deploy.0 = Debug|Any CPU
		{4F110791-D97B-4350-BAD2-8985FA351449}.Release|Any CPU.ActiveCfg = Release|Any CPU
		{4F110791-D97B-4350-BAD2-8985FA351449}.Release|Any CPU.Build.0 = Release|Any CPU
		{4F110791-D97B-4350-BAD2-8985FA351449}.Release|Any CPU.Deploy.0 = Release|Any CPU
		{4F110791-D97B-4350-BAD2-8985FA351449}.Release|iPhone.ActiveCfg = Release|Any CPU
		{4F110791-D97B-4350-BAD2-8985FA351449}.Release|iPhone.Build.0 = Release|Any CPU
		{4F110791-D97B-4350-BAD2-8985FA351449}.Release|iPhone.Deploy.0 = Release|Any CPU
		{4F110791-D97B-4350-BAD2-8985FA351449}.Release|iPhoneSimulator.ActiveCfg = Release|Any CPU
		{4F110791-D97B-4350-BAD2-8985FA351449}.Release|iPhoneSimulator.Build.0 = Release|Any CPU
		{4F110791-D97B-4350-BAD2-8985FA351449}.Release|iPhoneSimulator.Deploy.0 = Release|Any CPU
		{C3EF12AA-ABD7-414B-B7ED-55BDF645C1A8}.Debug|Any CPU.ActiveCfg = Debug|iPhoneSimulator
		{C3EF12AA-ABD7-414B-B7ED-55BDF645C1A8}.Debug|Any CPU.Build.0 = Debug|iPhoneSimulator
		{C3EF12AA-ABD7-414B-B7ED-55BDF645C1A8}.Debug|Any CPU.Deploy.0 = Debug|iPhoneSimulator
		{C3EF12AA-ABD7-414B-B7ED-55BDF645C1A8}.Debug|iPhone.ActiveCfg = Debug|iPhone
		{C3EF12AA-ABD7-414B-B7ED-55BDF645C1A8}.Debug|iPhone.Build.0 = Debug|iPhone
		{C3EF12AA-ABD7-414B-B7ED-55BDF645C1A8}.Debug|iPhone.Deploy.0 = Debug|iPhone
		{C3EF12AA-ABD7-414B-B7ED-55BDF645C1A8}.Debug|iPhoneSimulator.ActiveCfg = Debug|iPhoneSimulator
		{C3EF12AA-ABD7-414B-B7ED-55BDF645C1A8}.Debug|iPhoneSimulator.Build.0 = Debug|iPhoneSimulator
		{C3EF12AA-ABD7-414B-B7ED-55BDF645C1A8}.Debug|iPhoneSimulator.Deploy.0 = Debug|iPhoneSimulator
		{C3EF12AA-ABD7-414B-B7ED-55BDF645C1A8}.Release|Any CPU.ActiveCfg = Release|iPhone
		{C3EF12AA-ABD7-414B-B7ED-55BDF645C1A8}.Release|Any CPU.Build.0 = Release|iPhone
		{C3EF12AA-ABD7-414B-B7ED-55BDF645C1A8}.Release|Any CPU.Deploy.0 = Release|iPhone
		{C3EF12AA-ABD7-414B-B7ED-55BDF645C1A8}.Release|iPhone.ActiveCfg = Release|iPhone
		{C3EF12AA-ABD7-414B-B7ED-55BDF645C1A8}.Release|iPhone.Build.0 = Release|iPhone
		{C3EF12AA-ABD7-414B-B7ED-55BDF645C1A8}.Release|iPhone.Deploy.0 = Release|iPhone
		{C3EF12AA-ABD7-414B-B7ED-55BDF645C1A8}.Release|iPhoneSimulator.ActiveCfg = Release|iPhoneSimulator
		{C3EF12AA-ABD7-414B-B7ED-55BDF645C1A8}.Release|iPhoneSimulator.Build.0 = Release|iPhoneSimulator
		{C3EF12AA-ABD7-414B-B7ED-55BDF645C1A8}.Release|iPhoneSimulator.Deploy.0 = Release|iPhoneSimulator
		{471B9588-3DBE-4F3D-8633-21F309574E9E}.Debug|Any CPU.ActiveCfg = Debug|Any CPU
		{471B9588-3DBE-4F3D-8633-21F309574E9E}.Debug|Any CPU.Build.0 = Debug|Any CPU
		{471B9588-3DBE-4F3D-8633-21F309574E9E}.Debug|Any CPU.Deploy.0 = Debug|Any CPU
		{471B9588-3DBE-4F3D-8633-21F309574E9E}.Debug|iPhone.ActiveCfg = Debug|Any CPU
		{471B9588-3DBE-4F3D-8633-21F309574E9E}.Debug|iPhone.Build.0 = Debug|Any CPU
		{471B9588-3DBE-4F3D-8633-21F309574E9E}.Debug|iPhone.Deploy.0 = Debug|Any CPU
		{471B9588-3DBE-4F3D-8633-21F309574E9E}.Debug|iPhoneSimulator.ActiveCfg = Debug|Any CPU
		{471B9588-3DBE-4F3D-8633-21F309574E9E}.Debug|iPhoneSimulator.Build.0 = Debug|Any CPU
		{471B9588-3DBE-4F3D-8633-21F309574E9E}.Debug|iPhoneSimulator.Deploy.0 = Debug|Any CPU
		{471B9588-3DBE-4F3D-8633-21F309574E9E}.Release|Any CPU.ActiveCfg = Release|Any CPU
		{471B9588-3DBE-4F3D-8633-21F309574E9E}.Release|Any CPU.Build.0 = Release|Any CPU
		{471B9588-3DBE-4F3D-8633-21F309574E9E}.Release|Any CPU.Deploy.0 = Release|Any CPU
		{471B9588-3DBE-4F3D-8633-21F309574E9E}.Release|iPhone.ActiveCfg = Release|Any CPU
		{471B9588-3DBE-4F3D-8633-21F309574E9E}.Release|iPhone.Build.0 = Release|Any CPU
		{471B9588-3DBE-4F3D-8633-21F309574E9E}.Release|iPhone.Deploy.0 = Release|Any CPU
		{471B9588-3DBE-4F3D-8633-21F309574E9E}.Release|iPhoneSimulator.ActiveCfg = Release|Any CPU
		{471B9588-3DBE-4F3D-8633-21F309574E9E}.Release|iPhoneSimulator.Build.0 = Release|Any CPU
		{471B9588-3DBE-4F3D-8633-21F309574E9E}.Release|iPhoneSimulator.Deploy.0 = Release|Any CPU
	EndGlobalSection
	GlobalSection(SolutionProperties) = preSolution
		HideSolutionNode = FALSE
	EndGlobalSection
	GlobalSection(ExtensibilityGlobals) = postSolution
		SolutionGuid = {1C3B610D-2E2F-47B3-89BB-01F8739602D0}
	EndGlobalSection
EndGlobal
